{
    "_readme": [
        "This file locks the dependencies of your project to a known state",
        "Read more about it at https://getcomposer.org/doc/01-basic-usage.md#installing-dependencies",
        "This file is @generated automatically"
    ],
    "content-hash": "a9e0b18215f06c6f7d1066fb709cd8e7",
    "packages": [
        {
            "name": "itsgoingd/clockwork",
            "version": "v4.1.1",
            "source": {
                "type": "git",
                "url": "https://github.com/itsgoingd/clockwork.git",
                "reference": "5b149a708a74027404126abe05289ff10d9f0f1d"
            },
            "dist": {
                "type": "zip",
                "url": "https://api.github.com/repos/itsgoingd/clockwork/zipball/5b149a708a74027404126abe05289ff10d9f0f1d",
                "reference": "5b149a708a74027404126abe05289ff10d9f0f1d",
                "shasum": ""
            },
            "require": {
                "ext-json": "*",
                "php": ">=5.5",
                "psr/log": "1.*"
            },
            "type": "library",
            "extra": {
                "laravel": {
                    "providers": [
                        "Clockwork\\Support\\Laravel\\ClockworkServiceProvider"
                    ],
                    "aliases": {
                        "Clockwork": "Clockwork\\Support\\Laravel\\Facade"
                    }
                }
            },
            "autoload": {
                "psr-4": {
                    "Clockwork\\": "Clockwork/"
                }
            },
            "notification-url": "https://packagist.org/downloads/",
            "license": [
                "MIT"
            ],
            "authors": [
                {
                    "name": "itsgoingd",
                    "email": "itsgoingd@luzer.sk",
                    "homepage": "https://twitter.com/itsgoingd"
                }
            ],
            "description": "php dev tools integrated to your browser",
            "homepage": "https://underground.works/clockwork",
            "keywords": [
                "Devtools",
                "debugging",
                "laravel",
                "logging",
                "lumen",
                "profiling",
                "slim"
            ],
            "time": "2020-04-15T15:10:57+00:00"
        },
        {
            "name": "psr/log",
            "version": "dev-master",
            "source": {
                "type": "git",
                "url": "https://github.com/php-fig/log.git",
                "reference": "0f73288fd15629204f9d42b7055f72dacbe811fc"
            },
            "dist": {
                "type": "zip",
                "url": "https://api.github.com/repos/php-fig/log/zipball/0f73288fd15629204f9d42b7055f72dacbe811fc",
                "reference": "0f73288fd15629204f9d42b7055f72dacbe811fc",
                "shasum": ""
            },
            "require": {
                "php": ">=5.3.0"
            },
            "type": "library",
            "extra": {
                "branch-alias": {
                    "dev-master": "1.1.x-dev"
                }
            },
            "autoload": {
                "psr-4": {
                    "Psr\\Log\\": "Psr/Log/"
                }
            },
            "notification-url": "https://packagist.org/downloads/",
            "license": [
                "MIT"
            ],
            "authors": [
                {
                    "name": "PHP-FIG",
                    "homepage": "http://www.php-fig.org/"
                }
            ],
            "description": "Common interface for logging libraries",
            "homepage": "https://github.com/php-fig/log",
            "keywords": [
                "log",
                "psr",
                "psr-3"
            ],
            "time": "2020-03-23T09:12:05+00:00"
        },
        {
            "name": "yetanotherape/diff-match-patch",
            "version": "v1.0.3",
            "source": {
                "type": "git",
                "url": "https://github.com/yetanotherape/diff-match-patch.git",
                "reference": "463b635e734775ff5e38c2e2edc4f676ea1c3da2"
            },
            "dist": {
                "type": "zip",
                "url": "https://api.github.com/repos/yetanotherape/diff-match-patch/zipball/463b635e734775ff5e38c2e2edc4f676ea1c3da2",
                "reference": "463b635e734775ff5e38c2e2edc4f676ea1c3da2",
                "shasum": ""
            },
            "require": {
                "ext-iconv": "*",
                "ext-json": "*",
                "ext-mbstring": "*",
                "php": ">=5.3"
            },
            "require-dev": {
                "phpunit/phpunit": "4.*"
            },
            "type": "library",
            "autoload": {
                "psr-4": {
                    "DiffMatchPatch\\": "src"
                }
            },
            "notification-url": "https://packagist.org/downloads/",
            "license": [
                "Apache-2.0"
            ],
            "authors": [
                {
                    "name": "Daniil Skrobov",
                    "email": "yetanotherape@gmail.com"
                },
                {
                    "name": "Neil Fraser",
                    "email": "fraser@google.com",
                    "homepage": "http://neil.fraser.name/"
                }
            ],
            "description": "Port of the google-diff-match-patch (https://code.google.com/p/google-diff-match-patch/) lib to PHP",
            "homepage": "https://code.google.com/p/google-diff-match-patch/",
            "keywords": [
                "Fuzzy search",
                "Match",
                "diff",
                "patch"
            ],
            "time": "2019-09-28T12:00:31+00:00"
        }
    ],
    "packages-dev": [],
    "aliases": [],
    "minimum-stability": "dev",
    "stability-flags": {
        "itsgoingd/clockwork": 0
    },
    "prefer-stable": false,
    "prefer-lowest": false,
    "platform": [],
    "platform-dev": []
}
